<?xml version="1.0" encoding="utf-8"?>
<Project ToolsVersion="4.0" xmlns="http://schemas.microsoft.com/developer/msbuild/2003">
  <ItemGroup>
    <Filter Include="Source Files">
      <UniqueIdentifier>{4FC737F1-C7A5-4376-A066-2A32D752A2FF}</UniqueIdentifier>
      <Extensions>cpp;c;cc;cxx;def;odl;idl;hpj;bat;asm;asmx</Extensions>
    </Filter>
    <Filter Include="Header Files">
      <UniqueIdentifier>{93995380-89BD-4b04-88EB-625FBE52EBFB}</UniqueIdentifier>
      <Extensions>h;hh;hpp;hxx;hm;inl;inc;xsd</Extensions>
    </Filter>
    <Filter Include="Resource Files">
      <UniqueIdentifier>{D9D6E242-F8AF-46E4-B9FD-80ECBC20BA3E}</UniqueIdentifier>
      <Extensions>qrc;*</Extensions>
      <ParseFiles>false</ParseFiles>
    </Filter>
    <Filter Include="Resource Files">
      <UniqueIdentifier>{D9D6E242-F8AF-46E4-B9FD-80ECBC20BA3E}</UniqueIdentifier>
      <Extensions>qrc;*</Extensions>
      <ParseFiles>false</ParseFiles>
    </Filter>
    <Filter Include="Generated Files">
      <UniqueIdentifier>{71ED8ED8-ACB9-4CE9-BBE1-E00B30144E11}</UniqueIdentifier>
      <Extensions>moc;h;cpp</Extensions>
      <SourceControlFiles>False</SourceControlFiles>
    </Filter>
  </ItemGroup>
  <ItemGroup>
    <QtMoc Include="Exercise.h">
      <Filter>Header Files</Filter>
    </QtMoc>
    <QtMoc Include="moc_test.h">
      <Filter>Header Files</Filter>
    </QtMoc>
    <QtMoc Include="signal_after_main_exec.h">
      <Filter>Header Files</Filter>
    </QtMoc>
    <QtMoc Include="WCListWidget.h">
      <Filter>Header Files</Filter>
    </QtMoc>
  </ItemGroup>
  <ItemGroup>
    <ClCompile Include="main.cpp">
      <Filter>Source Files</Filter>
    </ClCompile>
    <ClCompile Include="Exercise.cpp">
      <Filter>Source Files</Filter>
    </ClCompile>
    <ClCompile Include="moc_test.cpp">
      <Filter>Source Files</Filter>
    </ClCompile>
    <ClCompile Include="property_system_test.cpp">
      <Filter>Source Files</Filter>
    </ClCompile>
    <ClCompile Include="common.cpp">
      <Filter>Source Files</Filter>
    </ClCompile>
    <ClCompile Include="destructor_demo.cpp">
      <Filter>Source Files</Filter>
    </ClCompile>
    <ClCompile Include="qstring_to_char_array.cpp">
      <Filter>Source Files</Filter>
    </ClCompile>
    <ClCompile Include="debugQtSource.cpp">
      <Filter>Source Files</Filter>
    </ClCompile>
    <ClCompile Include="runProgramInExplorerProcess.cpp">
      <Filter>Source Files</Filter>
    </ClCompile>
    <ClCompile Include="coreDump.cpp">
      <Filter>Source Files</Filter>
    </ClCompile>
    <ClCompile Include="signal_after_main_exec.cpp">
      <Filter>Source Files</Filter>
    </ClCompile>
    <ClCompile Include="hexString.cpp">
      <Filter>Source Files</Filter>
    </ClCompile>
    <ClCompile Include="qapplication_exit.cpp">
      <Filter>Source Files</Filter>
    </ClCompile>
    <ClCompile Include="base64_encode.cpp">
      <Filter>Source Files</Filter>
    </ClCompile>
    <ClCompile Include="QTreeWidget_test.cpp">
      <Filter>Source Files</Filter>
    </ClCompile>
    <ClCompile Include="QMenu_test.cpp">
      <Filter>Source Files</Filter>
    </ClCompile>
    <ClCompile Include="WCListWidget_test.cpp">
      <Filter>Source Files</Filter>
    </ClCompile>
    <ClCompile Include="WCListWidget.cpp">
      <Filter>Source Files</Filter>
    </ClCompile>
  </ItemGroup>
  <ItemGroup>
    <ClInclude Include="property_system_test.h">
      <Filter>Header Files</Filter>
    </ClInclude>
    <ClInclude Include="common.h">
      <Filter>Header Files</Filter>
    </ClInclude>
    <ClInclude Include="WCListWidget_test.h">
      <Filter>Header Files</Filter>
    </ClInclude>
  </ItemGroup>
</Project>